
Microsoft Visual Studio Solution File, Format Version 12.00
# Visual Studio Version 17
VisualStudioVersion = 17.10.34928.147
MinimumVisualStudioVersion = 10.0.40219.1
Project("{FAE04EC0-301F-11D3-BF4B-00C04F79EFBC}") = "Fiap.OracleConexao", "Fiap.OracleConexao\Fiap.OracleConexao.csproj", "{AD055493-80C8-4F0B-8CA3-BECF0AC7C4F9}"
EndProject
Global
	GlobalSection(SolutionConfigurationPlatforms) = preSolution
		Debug|Any CPU = Debug|Any CPU
		Release|Any CPU = Release|Any CPU
	EndGlobalSection
	GlobalSection(ProjectConfigurationPlatforms) = postSolution
		{AD055493-80C8-4F0B-8CA3-BECF0AC7C4F9}.Debug|Any CPU.ActiveCfg = Debug|Any CPU
		{AD055493-80C8-4F0B-8CA3-BECF0AC7C4F9}.Debug|Any CPU.Build.0 = Debug|Any CPU
		{AD055493-80C8-4F0B-8CA3-BECF0AC7C4F9}.Release|Any CPU.ActiveCfg = Release|Any CPU
		{AD055493-80C8-4F0B-8CA3-BECF0AC7C4F9}.Release|Any CPU.Build.0 = Release|Any CPU
	EndGlobalSection
	GlobalSection(SolutionProperties) = preSolution
		HideSolutionNode = FALSE
	EndGlobalSection
	GlobalSection(ExtensibilityGlobals) = postSolution
		SolutionGuid = {F53D872D-7BBF-4BD3-9002-74176429F05D}
	EndGlobalSection
EndGlobal
